
Microsoft Visual Studio Solution File, Format Version 12.00
# Visual Studio Version 17
VisualStudioVersion = 17.11.35312.102
MinimumVisualStudioVersion = 10.0.40219.1
Project("{FAE04EC0-301F-11D3-BF4B-00C04F79EFBC}") = "Itla3raParteModulo1", "Itla3raParteModulo1.csproj", "{DD9F7CD8-A602-4B50-9E48-EBE829250729}"
EndProject
Global
	GlobalSection(SolutionConfigurationPlatforms) = preSolution
		Debug|Any CPU = Debug|Any CPU
		Release|Any CPU = Release|Any CPU
	EndGlobalSection
	GlobalSection(ProjectConfigurationPlatforms) = postSolution
		{DD9F7CD8-A602-4B50-9E48-EBE829250729}.Debug|Any CPU.ActiveCfg = Debug|Any CPU
		{DD9F7CD8-A602-4B50-9E48-EBE829250729}.Debug|Any CPU.Build.0 = Debug|Any CPU
		{DD9F7CD8-A602-4B50-9E48-EBE829250729}.Release|Any CPU.ActiveCfg = Release|Any CPU
		{DD9F7CD8-A602-4B50-9E48-EBE829250729}.Release|Any CPU.Build.0 = Release|Any CPU
	EndGlobalSection
	GlobalSection(SolutionProperties) = preSolution
		HideSolutionNode = FALSE
	EndGlobalSection
	GlobalSection(ExtensibilityGlobals) = postSolution
		SolutionGuid = {DEB2BE0B-082A-4A34-82DB-9A06699E6901}
	EndGlobalSection
EndGlobal
